
Microsoft Visual Studio Solution File, Format Version 12.00
# Visual Studio Version 16
VisualStudioVersion = 16.0.30413.136
MinimumVisualStudioVersion = 10.0.40219.1
Project("{FAE04EC0-301F-11D3-BF4B-00C04F79EFBC}") = "Writer", "Writer\Writer.csproj", "{C679E559-080D-4C63-B91B-DB3987236601}"
EndProject
Project("{FAE04EC0-301F-11D3-BF4B-00C04F79EFBC}") = "ClassLibrary2", "ClassLibrary2\ClassLibrary2.csproj", "{FEB2C1C9-E336-432B-B715-CC6B7041BA56}"
EndProject
Project("{FAE04EC0-301F-11D3-BF4B-00C04F79EFBC}") = "ConsoleServer", "ConsoleServer\ConsoleServer.csproj", "{2BBD38A6-4ECE-42F7-B4E2-259E79CABCA9}"
EndProject
Project("{FAE04EC0-301F-11D3-BF4B-00C04F79EFBC}") = "FormServer", "FormServer\FormServer.csproj", "{577746B4-C7E6-4DD8-97F9-6F35356B5288}"
EndProject
Project("{FAE04EC0-301F-11D3-BF4B-00C04F79EFBC}") = "AnalysisLibrary", "AnalysisLibrary\AnalysisLibrary.csproj", "{5E576080-DD10-4E35-84EC-D6A573697CE6}"
EndProject
Project("{FAE04EC0-301F-11D3-BF4B-00C04F79EFBC}") = "Проект к школе", "Тестовая система\Проект к школе.csproj", "{D5FDD57F-503E-42E6-9413-567893DF84BA}"
EndProject
Global
	GlobalSection(SolutionConfigurationPlatforms) = preSolution
		Debug|Any CPU = Debug|Any CPU
		Release|Any CPU = Release|Any CPU
	EndGlobalSection
	GlobalSection(ProjectConfigurationPlatforms) = postSolution
		{C679E559-080D-4C63-B91B-DB3987236601}.Debug|Any CPU.ActiveCfg = Debug|Any CPU
		{C679E559-080D-4C63-B91B-DB3987236601}.Debug|Any CPU.Build.0 = Debug|Any CPU
		{C679E559-080D-4C63-B91B-DB3987236601}.Release|Any CPU.ActiveCfg = Release|Any CPU
		{C679E559-080D-4C63-B91B-DB3987236601}.Release|Any CPU.Build.0 = Release|Any CPU
		{FEB2C1C9-E336-432B-B715-CC6B7041BA56}.Debug|Any CPU.ActiveCfg = Debug|Any CPU
		{FEB2C1C9-E336-432B-B715-CC6B7041BA56}.Debug|Any CPU.Build.0 = Debug|Any CPU
		{FEB2C1C9-E336-432B-B715-CC6B7041BA56}.Release|Any CPU.ActiveCfg = Release|Any CPU
		{FEB2C1C9-E336-432B-B715-CC6B7041BA56}.Release|Any CPU.Build.0 = Release|Any CPU
		{2BBD38A6-4ECE-42F7-B4E2-259E79CABCA9}.Debug|Any CPU.ActiveCfg = Debug|Any CPU
		{2BBD38A6-4ECE-42F7-B4E2-259E79CABCA9}.Debug|Any CPU.Build.0 = Debug|Any CPU
		{2BBD38A6-4ECE-42F7-B4E2-259E79CABCA9}.Release|Any CPU.ActiveCfg = Release|Any CPU
		{2BBD38A6-4ECE-42F7-B4E2-259E79CABCA9}.Release|Any CPU.Build.0 = Release|Any CPU
		{577746B4-C7E6-4DD8-97F9-6F35356B5288}.Debug|Any CPU.ActiveCfg = Debug|Any CPU
		{577746B4-C7E6-4DD8-97F9-6F35356B5288}.Debug|Any CPU.Build.0 = Debug|Any CPU
		{577746B4-C7E6-4DD8-97F9-6F35356B5288}.Release|Any CPU.ActiveCfg = Release|Any CPU
		{577746B4-C7E6-4DD8-97F9-6F35356B5288}.Release|Any CPU.Build.0 = Release|Any CPU
		{5E576080-DD10-4E35-84EC-D6A573697CE6}.Debug|Any CPU.ActiveCfg = Debug|Any CPU
		{5E576080-DD10-4E35-84EC-D6A573697CE6}.Debug|Any CPU.Build.0 = Debug|Any CPU
		{5E576080-DD10-4E35-84EC-D6A573697CE6}.Release|Any CPU.ActiveCfg = Release|Any CPU
		{5E576080-DD10-4E35-84EC-D6A573697CE6}.Release|Any CPU.Build.0 = Release|Any CPU
		{D5FDD57F-503E-42E6-9413-567893DF84BA}.Debug|Any CPU.ActiveCfg = Debug|Any CPU
		{D5FDD57F-503E-42E6-9413-567893DF84BA}.Debug|Any CPU.Build.0 = Debug|Any CPU
		{D5FDD57F-503E-42E6-9413-567893DF84BA}.Release|Any CPU.ActiveCfg = Release|Any CPU
		{D5FDD57F-503E-42E6-9413-567893DF84BA}.Release|Any CPU.Build.0 = Release|Any CPU
	EndGlobalSection
	GlobalSection(SolutionProperties) = preSolution
		HideSolutionNode = FALSE
	EndGlobalSection
	GlobalSection(ExtensibilityGlobals) = postSolution
		SolutionGuid = {C3CAC235-827B-446A-B130-3FBCC89D2FA7}
	EndGlobalSection
	GlobalSection(Performance) = preSolution
		HasPerformanceSessions = true
	EndGlobalSection
EndGlobal
