
Microsoft Visual Studio Solution File, Format Version 12.00
# Visual Studio 15
VisualStudioVersion = 15.0.26228.4
MinimumVisualStudioVersion = 10.0.40219.1
Project("{FAE04EC0-301F-11D3-BF4B-00C04F79EFBC}") = "Проект к школе", "Проект в е88нной школе\Проект к школе.csproj", "{D5FDD57F-503E-42E6-9413-567893DF84BA}"
EndProject
Project("{FAE04EC0-301F-11D3-BF4B-00C04F79EFBC}") = "Writer", "Writer\Writer.csproj", "{C679E559-080D-4C63-B91B-DB3987236601}"
EndProject
Global
	GlobalSection(Performance) = preSolution
		HasPerformanceSessions = true
	EndGlobalSection
	GlobalSection(SolutionConfigurationPlatforms) = preSolution
		Debug|Any CPU = Debug|Any CPU
		Release|Any CPU = Release|Any CPU
	EndGlobalSection
	GlobalSection(ProjectConfigurationPlatforms) = postSolution
		{D5FDD57F-503E-42E6-9413-567893DF84BA}.Debug|Any CPU.ActiveCfg = Debug|Any CPU
		{D5FDD57F-503E-42E6-9413-567893DF84BA}.Debug|Any CPU.Build.0 = Debug|Any CPU
		{D5FDD57F-503E-42E6-9413-567893DF84BA}.Release|Any CPU.ActiveCfg = Release|Any CPU
		{D5FDD57F-503E-42E6-9413-567893DF84BA}.Release|Any CPU.Build.0 = Release|Any CPU
		{C679E559-080D-4C63-B91B-DB3987236601}.Debug|Any CPU.ActiveCfg = Debug|Any CPU
		{C679E559-080D-4C63-B91B-DB3987236601}.Debug|Any CPU.Build.0 = Debug|Any CPU
		{C679E559-080D-4C63-B91B-DB3987236601}.Release|Any CPU.ActiveCfg = Release|Any CPU
		{C679E559-080D-4C63-B91B-DB3987236601}.Release|Any CPU.Build.0 = Release|Any CPU
	EndGlobalSection
	GlobalSection(SolutionProperties) = preSolution
		HideSolutionNode = FALSE
	EndGlobalSection
	GlobalSection(ExtensibilityGlobals) = postSolution
		SolutionGuid = {C3CAC235-827B-446A-B130-3FBCC89D2FA7}
	EndGlobalSection
EndGlobal
