
Microsoft Visual Studio Solution File, Format Version 12.00
# Visual Studio Version 16
VisualStudioVersion = 16.0.30413.136
MinimumVisualStudioVersion = 10.0.40219.1
Project("{FAE04EC0-301F-11D3-BF4B-00C04F79EFBC}") = "Tools", "Tools\Tools.csproj", "{311DC9B0-34CB-418E-B189-849ECD7512DF}"
EndProject
Global
	GlobalSection(SolutionConfigurationPlatforms) = preSolution
		Debug|Any CPU = Debug|Any CPU
		Release|Any CPU = Release|Any CPU
	EndGlobalSection
	GlobalSection(ProjectConfigurationPlatforms) = postSolution
		{311DC9B0-34CB-418E-B189-849ECD7512DF}.Debug|Any CPU.ActiveCfg = Debug|Any CPU
		{311DC9B0-34CB-418E-B189-849ECD7512DF}.Debug|Any CPU.Build.0 = Debug|Any CPU
		{311DC9B0-34CB-418E-B189-849ECD7512DF}.Release|Any CPU.ActiveCfg = Release|Any CPU
		{311DC9B0-34CB-418E-B189-849ECD7512DF}.Release|Any CPU.Build.0 = Release|Any CPU
	EndGlobalSection
	GlobalSection(SolutionProperties) = preSolution
		HideSolutionNode = FALSE
	EndGlobalSection
	GlobalSection(ExtensibilityGlobals) = postSolution
		SolutionGuid = {E9B37CD6-50AC-4C8E-B35B-22D5FD894648}
	EndGlobalSection
EndGlobal
